
Microsoft Visual Studio Solution File, Format Version 9.00
# Visual Studio 2005
Project("{FAE04EC0-301F-11D3-BF4B-00C04F79EFBC}") = "Bosphorus.Library.Dao.RI", "Bosphorus.Library.Dao.RI\Bosphorus.Library.Dao.RI.csproj", "{A5192F41-7E4D-44C9-9AE0-0897F4E4C4F6}"
	ProjectSection(WebsiteProperties) = preProject
		Debug.AspNetCompiler.Debug = "True"
		Release.AspNetCompiler.Debug = "False"
	EndProjectSection
EndProject
Project("{FAE04EC0-301F-11D3-BF4B-00C04F79EFBC}") = "Bosphorus.Library.Dao.Core.Extension.Demo", "Bosphorus.Library.Dao.Core.Extension.Demo\Bosphorus.Library.Dao.Core.Extension.Demo.csproj", "{89D24658-9F4A-477D-9EAD-7001CB9FB954}"
	ProjectSection(WebsiteProperties) = preProject
		Debug.AspNetCompiler.Debug = "True"
		Release.AspNetCompiler.Debug = "False"
	EndProjectSection
EndProject
Global
	GlobalSection(SolutionConfigurationPlatforms) = preSolution
		Debug|Any CPU = Debug|Any CPU
		Release|Any CPU = Release|Any CPU
	EndGlobalSection
	GlobalSection(ProjectConfigurationPlatforms) = postSolution
		{A5192F41-7E4D-44C9-9AE0-0897F4E4C4F6}.Debug|Any CPU.ActiveCfg = Debug|Any CPU
		{A5192F41-7E4D-44C9-9AE0-0897F4E4C4F6}.Debug|Any CPU.Build.0 = Debug|Any CPU
		{A5192F41-7E4D-44C9-9AE0-0897F4E4C4F6}.Release|Any CPU.ActiveCfg = Release|Any CPU
		{A5192F41-7E4D-44C9-9AE0-0897F4E4C4F6}.Release|Any CPU.Build.0 = Release|Any CPU
		{89D24658-9F4A-477D-9EAD-7001CB9FB954}.Debug|Any CPU.ActiveCfg = Debug|Any CPU
		{89D24658-9F4A-477D-9EAD-7001CB9FB954}.Debug|Any CPU.Build.0 = Debug|Any CPU
		{89D24658-9F4A-477D-9EAD-7001CB9FB954}.Release|Any CPU.ActiveCfg = Release|Any CPU
		{89D24658-9F4A-477D-9EAD-7001CB9FB954}.Release|Any CPU.Build.0 = Release|Any CPU
	EndGlobalSection
	GlobalSection(SolutionProperties) = preSolution
		HideSolutionNode = FALSE
	EndGlobalSection
EndGlobal
