
Microsoft Visual Studio Solution File, Format Version 9.00
# Visual Studio 2005
Project("{FAE04EC0-301F-11D3-BF4B-00C04F79EFBC}") = "Demo.MasterDetailView", "Demo.MasterDetailView\Demo.MasterDetailView.csproj", "{C0DB2CB3-F00E-4C15-8EF5-AE428FAD88C1}"
	ProjectSection(WebsiteProperties) = preProject
		Debug.AspNetCompiler.Debug = "True"
		Release.AspNetCompiler.Debug = "False"
	EndProjectSection
EndProject
Global
	GlobalSection(SolutionConfigurationPlatforms) = preSolution
		Debug|Any CPU = Debug|Any CPU
		Release|Any CPU = Release|Any CPU
	EndGlobalSection
	GlobalSection(ProjectConfigurationPlatforms) = postSolution
		{C0DB2CB3-F00E-4C15-8EF5-AE428FAD88C1}.Debug|Any CPU.ActiveCfg = Debug|Any CPU
		{C0DB2CB3-F00E-4C15-8EF5-AE428FAD88C1}.Debug|Any CPU.Build.0 = Debug|Any CPU
		{C0DB2CB3-F00E-4C15-8EF5-AE428FAD88C1}.Release|Any CPU.ActiveCfg = Release|Any CPU
		{C0DB2CB3-F00E-4C15-8EF5-AE428FAD88C1}.Release|Any CPU.Build.0 = Release|Any CPU
	EndGlobalSection
	GlobalSection(SolutionProperties) = preSolution
		HideSolutionNode = FALSE
	EndGlobalSection
EndGlobal
