
Microsoft Visual Studio Solution File, Format Version 9.00
# Visual Studio 2005
Project("{2150E333-8FDC-42A3-9474-1A3956D46DE8}") = "Projects", "Projects", "{D46C899F-CB06-49FB-8340-F1B5524D5364}"
	ProjectSection(WebsiteProperties) = preProject
		Debug.AspNetCompiler.Debug = "True"
		Release.AspNetCompiler.Debug = "False"
	EndProjectSection
EndProject
Project("{FAE04EC0-301F-11D3-BF4B-00C04F79EFBC}") = "Demo.WebService.Core", "Projects\Demo.WebService.Core\Demo.WebService.Core.csproj", "{2E4E7548-CF71-4075-8AB9-E60CA256055A}"
	ProjectSection(WebsiteProperties) = preProject
		Debug.AspNetCompiler.Debug = "True"
		Release.AspNetCompiler.Debug = "False"
	EndProjectSection
EndProject
Project("{FAE04EC0-301F-11D3-BF4B-00C04F79EFBC}") = "Demo.WebService.Service", "Projects\Demo.WebService.Service\Demo.WebService.Service.csproj", "{5816008A-72D8-483D-9C20-D928947231AB}"
	ProjectSection(WebsiteProperties) = preProject
		Debug.AspNetCompiler.Debug = "True"
		Release.AspNetCompiler.Debug = "False"
	EndProjectSection
EndProject
Project("{FAE04EC0-301F-11D3-BF4B-00C04F79EFBC}") = "Demo.WebService.Dal", "Projects\Demo.WebService.Dal\Demo.WebService.Dal.csproj", "{383C6C18-8773-4B55-9AED-1AAB1954B169}"
	ProjectSection(WebsiteProperties) = preProject
		Debug.AspNetCompiler.Debug = "True"
		Release.AspNetCompiler.Debug = "False"
	EndProjectSection
EndProject
Project("{FAE04EC0-301F-11D3-BF4B-00C04F79EFBC}") = "Demo.WebService.WinForm", "Projects\Demo.WebService.WinForm\Demo.WebService.WinForm.csproj", "{3541B0B9-C8A9-432D-AD18-677F02830A23}"
	ProjectSection(WebsiteProperties) = preProject
		Debug.AspNetCompiler.Debug = "True"
		Release.AspNetCompiler.Debug = "False"
	EndProjectSection
EndProject
Project("{FAE04EC0-301F-11D3-BF4B-00C04F79EFBC}") = "Demo.WebService.Service.Dal", "Projects\Demo.WebService.Service.Dal\Demo.WebService.Service.Dal.csproj", "{268C1A04-EFFE-4EB0-BEE2-626752A9FDC1}"
	ProjectSection(WebsiteProperties) = preProject
		Debug.AspNetCompiler.Debug = "True"
		Release.AspNetCompiler.Debug = "False"
	EndProjectSection
EndProject
Global
	GlobalSection(SolutionConfigurationPlatforms) = preSolution
		Debug|Any CPU = Debug|Any CPU
		Release|Any CPU = Release|Any CPU
	EndGlobalSection
	GlobalSection(ProjectConfigurationPlatforms) = postSolution
		{2E4E7548-CF71-4075-8AB9-E60CA256055A}.Debug|Any CPU.ActiveCfg = Debug|Any CPU
		{2E4E7548-CF71-4075-8AB9-E60CA256055A}.Debug|Any CPU.Build.0 = Debug|Any CPU
		{2E4E7548-CF71-4075-8AB9-E60CA256055A}.Release|Any CPU.ActiveCfg = Release|Any CPU
		{2E4E7548-CF71-4075-8AB9-E60CA256055A}.Release|Any CPU.Build.0 = Release|Any CPU
		{5816008A-72D8-483D-9C20-D928947231AB}.Debug|Any CPU.ActiveCfg = Debug|Any CPU
		{5816008A-72D8-483D-9C20-D928947231AB}.Debug|Any CPU.Build.0 = Debug|Any CPU
		{5816008A-72D8-483D-9C20-D928947231AB}.Release|Any CPU.ActiveCfg = Release|Any CPU
		{5816008A-72D8-483D-9C20-D928947231AB}.Release|Any CPU.Build.0 = Release|Any CPU
		{383C6C18-8773-4B55-9AED-1AAB1954B169}.Debug|Any CPU.ActiveCfg = Debug|Any CPU
		{383C6C18-8773-4B55-9AED-1AAB1954B169}.Debug|Any CPU.Build.0 = Debug|Any CPU
		{383C6C18-8773-4B55-9AED-1AAB1954B169}.Release|Any CPU.ActiveCfg = Release|Any CPU
		{383C6C18-8773-4B55-9AED-1AAB1954B169}.Release|Any CPU.Build.0 = Release|Any CPU
		{3541B0B9-C8A9-432D-AD18-677F02830A23}.Debug|Any CPU.ActiveCfg = Debug|Any CPU
		{3541B0B9-C8A9-432D-AD18-677F02830A23}.Debug|Any CPU.Build.0 = Debug|Any CPU
		{3541B0B9-C8A9-432D-AD18-677F02830A23}.Release|Any CPU.ActiveCfg = Release|Any CPU
		{3541B0B9-C8A9-432D-AD18-677F02830A23}.Release|Any CPU.Build.0 = Release|Any CPU
		{268C1A04-EFFE-4EB0-BEE2-626752A9FDC1}.Debug|Any CPU.ActiveCfg = Debug|Any CPU
		{268C1A04-EFFE-4EB0-BEE2-626752A9FDC1}.Debug|Any CPU.Build.0 = Debug|Any CPU
		{268C1A04-EFFE-4EB0-BEE2-626752A9FDC1}.Release|Any CPU.ActiveCfg = Release|Any CPU
		{268C1A04-EFFE-4EB0-BEE2-626752A9FDC1}.Release|Any CPU.Build.0 = Release|Any CPU
	EndGlobalSection
	GlobalSection(SolutionProperties) = preSolution
		HideSolutionNode = FALSE
	EndGlobalSection
	GlobalSection(NestedProjects) = preSolution
		{2E4E7548-CF71-4075-8AB9-E60CA256055A} = {D46C899F-CB06-49FB-8340-F1B5524D5364}
		{5816008A-72D8-483D-9C20-D928947231AB} = {D46C899F-CB06-49FB-8340-F1B5524D5364}
		{383C6C18-8773-4B55-9AED-1AAB1954B169} = {D46C899F-CB06-49FB-8340-F1B5524D5364}
		{3541B0B9-C8A9-432D-AD18-677F02830A23} = {D46C899F-CB06-49FB-8340-F1B5524D5364}
		{268C1A04-EFFE-4EB0-BEE2-626752A9FDC1} = {D46C899F-CB06-49FB-8340-F1B5524D5364}
	EndGlobalSection
EndGlobal
