
Microsoft Visual Studio Solution File, Format Version 9.00
# Visual Studio 2005
Project("{2150E333-8FDC-42A3-9474-1A3956D46DE8}") = "Projects.Core", "Projects.Core", "{8678E6FB-78FB-4D18-9321-A46EE3135A80}"
	ProjectSection(FolderStartupServices) = postProject
		{B4F97281-0DBD-4835-9ED8-7DFB966E87FF} = {B4F97281-0DBD-4835-9ED8-7DFB966E87FF}
	EndProjectSection
EndProject
Project("{FAE04EC0-301F-11D3-BF4B-00C04F79EFBC}") = "Bosphorus.Library.Dao.Core", "Projects\Bosphorus.Library.Dao.Core\Bosphorus.Library.Dao.Core.csproj", "{5C3B656E-528C-4988-A31F-EA0AABC82CFB}"
EndProject
Project("{FAE04EC0-301F-11D3-BF4B-00C04F79EFBC}") = "Bosphorus.Library.Dao.NHibernate", "Projects\Bosphorus.Library.Dao.NHibernate\Bosphorus.Library.Dao.NHibernate.csproj", "{30FB7F75-FF3E-49DF-AFBD-F9037E7C5A80}"
EndProject
Project("{2150E333-8FDC-42A3-9474-1A3956D46DE8}") = "Projects.Implimetation", "Projects.Implimetation", "{B6DA84E3-5A76-4DDD-AE2C-863E6929F423}"
	ProjectSection(FolderStartupServices) = postProject
		{B4F97281-0DBD-4835-9ED8-7DFB966E87FF} = {B4F97281-0DBD-4835-9ED8-7DFB966E87FF}
	EndProjectSection
EndProject
Project("{FAE04EC0-301F-11D3-BF4B-00C04F79EFBC}") = "Bosphorus.Library.Dao.WebService", "Projects\Bosphorus.Library.Dao.WebService\Bosphorus.Library.Dao.WebService.csproj", "{E3FB4D07-EE2A-4B29-AC7E-29BEB93F2CC3}"
EndProject
Project("{FAE04EC0-301F-11D3-BF4B-00C04F79EFBC}") = "Bosphorus.Library.Dao.Ado", "Projects\Bosphorus.Library.Dao.Ado\Bosphorus.Library.Dao.Ado.csproj", "{93BF98D7-6645-4842-8521-BFEFF717FEEA}"
EndProject
Project("{FAE04EC0-301F-11D3-BF4B-00C04F79EFBC}") = "Bosphorus.Library.Dao.Facade", "Projects\Bosphorus.Library.Dao.Facade\Bosphorus.Library.Dao.Facade.csproj", "{EDFAD744-2847-435B-B59A-9995A868AC58}"
EndProject
Project("{2150E333-8FDC-42A3-9474-1A3956D46DE8}") = "Projects.Helper", "Projects.Helper", "{0018CC72-4316-4318-9D69-C089E4EB93C5}"
EndProject
Project("{FAE04EC0-301F-11D3-BF4B-00C04F79EFBC}") = "Bosphorus.Library.Dao.Client", "Projects\Bosphorus.Library.Dao.Client\Bosphorus.Library.Dao.Client.csproj", "{38F86C1E-ABAA-42AC-ADB3-4F6579110DBF}"
EndProject
Project("{2150E333-8FDC-42A3-9474-1A3956D46DE8}") = "Demos.Core", "Demos.Core", "{31C4B3E6-B1DE-456C-8B0B-D4310DEA5BF9}"
EndProject
Project("{FAE04EC0-301F-11D3-BF4B-00C04F79EFBC}") = "Bosphorus.Library.Dao.Facade.Demo", "Demos\Bosphorus.Library.Dao.Facade.Demo\Bosphorus.Library.Dao.Facade.Demo.csproj", "{1D47CEC5-AE8D-47E4-A91F-4BA49BE2DB87}"
EndProject
Global
	GlobalSection(SolutionConfigurationPlatforms) = preSolution
		Debug|Any CPU = Debug|Any CPU
		Deploy|Any CPU = Deploy|Any CPU
		Release|Any CPU = Release|Any CPU
	EndGlobalSection
	GlobalSection(ProjectConfigurationPlatforms) = postSolution
		{5C3B656E-528C-4988-A31F-EA0AABC82CFB}.Debug|Any CPU.ActiveCfg = Debug|Any CPU
		{5C3B656E-528C-4988-A31F-EA0AABC82CFB}.Debug|Any CPU.Build.0 = Debug|Any CPU
		{5C3B656E-528C-4988-A31F-EA0AABC82CFB}.Deploy|Any CPU.ActiveCfg = Deploy|Any CPU
		{5C3B656E-528C-4988-A31F-EA0AABC82CFB}.Deploy|Any CPU.Build.0 = Deploy|Any CPU
		{5C3B656E-528C-4988-A31F-EA0AABC82CFB}.Release|Any CPU.ActiveCfg = Release|Any CPU
		{5C3B656E-528C-4988-A31F-EA0AABC82CFB}.Release|Any CPU.Build.0 = Release|Any CPU
		{30FB7F75-FF3E-49DF-AFBD-F9037E7C5A80}.Debug|Any CPU.ActiveCfg = Debug|Any CPU
		{30FB7F75-FF3E-49DF-AFBD-F9037E7C5A80}.Debug|Any CPU.Build.0 = Debug|Any CPU
		{30FB7F75-FF3E-49DF-AFBD-F9037E7C5A80}.Deploy|Any CPU.ActiveCfg = Deploy|Any CPU
		{30FB7F75-FF3E-49DF-AFBD-F9037E7C5A80}.Deploy|Any CPU.Build.0 = Deploy|Any CPU
		{30FB7F75-FF3E-49DF-AFBD-F9037E7C5A80}.Release|Any CPU.ActiveCfg = Release|Any CPU
		{30FB7F75-FF3E-49DF-AFBD-F9037E7C5A80}.Release|Any CPU.Build.0 = Release|Any CPU
		{E3FB4D07-EE2A-4B29-AC7E-29BEB93F2CC3}.Debug|Any CPU.ActiveCfg = Debug|Any CPU
		{E3FB4D07-EE2A-4B29-AC7E-29BEB93F2CC3}.Debug|Any CPU.Build.0 = Debug|Any CPU
		{E3FB4D07-EE2A-4B29-AC7E-29BEB93F2CC3}.Deploy|Any CPU.ActiveCfg = Deploy|Any CPU
		{E3FB4D07-EE2A-4B29-AC7E-29BEB93F2CC3}.Deploy|Any CPU.Build.0 = Deploy|Any CPU
		{E3FB4D07-EE2A-4B29-AC7E-29BEB93F2CC3}.Release|Any CPU.ActiveCfg = Release|Any CPU
		{E3FB4D07-EE2A-4B29-AC7E-29BEB93F2CC3}.Release|Any CPU.Build.0 = Release|Any CPU
		{93BF98D7-6645-4842-8521-BFEFF717FEEA}.Debug|Any CPU.ActiveCfg = Debug|Any CPU
		{93BF98D7-6645-4842-8521-BFEFF717FEEA}.Debug|Any CPU.Build.0 = Debug|Any CPU
		{93BF98D7-6645-4842-8521-BFEFF717FEEA}.Deploy|Any CPU.ActiveCfg = Deploy|Any CPU
		{93BF98D7-6645-4842-8521-BFEFF717FEEA}.Deploy|Any CPU.Build.0 = Deploy|Any CPU
		{93BF98D7-6645-4842-8521-BFEFF717FEEA}.Release|Any CPU.ActiveCfg = Release|Any CPU
		{93BF98D7-6645-4842-8521-BFEFF717FEEA}.Release|Any CPU.Build.0 = Release|Any CPU
		{EDFAD744-2847-435B-B59A-9995A868AC58}.Debug|Any CPU.ActiveCfg = Debug|Any CPU
		{EDFAD744-2847-435B-B59A-9995A868AC58}.Debug|Any CPU.Build.0 = Debug|Any CPU
		{EDFAD744-2847-435B-B59A-9995A868AC58}.Deploy|Any CPU.ActiveCfg = Deploy|Any CPU
		{EDFAD744-2847-435B-B59A-9995A868AC58}.Deploy|Any CPU.Build.0 = Deploy|Any CPU
		{EDFAD744-2847-435B-B59A-9995A868AC58}.Release|Any CPU.ActiveCfg = Release|Any CPU
		{EDFAD744-2847-435B-B59A-9995A868AC58}.Release|Any CPU.Build.0 = Release|Any CPU
		{38F86C1E-ABAA-42AC-ADB3-4F6579110DBF}.Debug|Any CPU.ActiveCfg = Debug|Any CPU
		{38F86C1E-ABAA-42AC-ADB3-4F6579110DBF}.Debug|Any CPU.Build.0 = Debug|Any CPU
		{38F86C1E-ABAA-42AC-ADB3-4F6579110DBF}.Deploy|Any CPU.ActiveCfg = Deploy|Any CPU
		{38F86C1E-ABAA-42AC-ADB3-4F6579110DBF}.Deploy|Any CPU.Build.0 = Deploy|Any CPU
		{38F86C1E-ABAA-42AC-ADB3-4F6579110DBF}.Release|Any CPU.ActiveCfg = Release|Any CPU
		{38F86C1E-ABAA-42AC-ADB3-4F6579110DBF}.Release|Any CPU.Build.0 = Release|Any CPU
		{1D47CEC5-AE8D-47E4-A91F-4BA49BE2DB87}.Debug|Any CPU.ActiveCfg = Debug|Any CPU
		{1D47CEC5-AE8D-47E4-A91F-4BA49BE2DB87}.Debug|Any CPU.Build.0 = Debug|Any CPU
		{1D47CEC5-AE8D-47E4-A91F-4BA49BE2DB87}.Deploy|Any CPU.ActiveCfg = Debug|Any CPU
		{1D47CEC5-AE8D-47E4-A91F-4BA49BE2DB87}.Deploy|Any CPU.Build.0 = Debug|Any CPU
		{1D47CEC5-AE8D-47E4-A91F-4BA49BE2DB87}.Release|Any CPU.ActiveCfg = Release|Any CPU
		{1D47CEC5-AE8D-47E4-A91F-4BA49BE2DB87}.Release|Any CPU.Build.0 = Release|Any CPU
	EndGlobalSection
	GlobalSection(SolutionProperties) = preSolution
		HideSolutionNode = FALSE
	EndGlobalSection
	GlobalSection(NestedProjects) = preSolution
		{5C3B656E-528C-4988-A31F-EA0AABC82CFB} = {8678E6FB-78FB-4D18-9321-A46EE3135A80}
		{EDFAD744-2847-435B-B59A-9995A868AC58} = {8678E6FB-78FB-4D18-9321-A46EE3135A80}
		{30FB7F75-FF3E-49DF-AFBD-F9037E7C5A80} = {B6DA84E3-5A76-4DDD-AE2C-863E6929F423}
		{E3FB4D07-EE2A-4B29-AC7E-29BEB93F2CC3} = {B6DA84E3-5A76-4DDD-AE2C-863E6929F423}
		{93BF98D7-6645-4842-8521-BFEFF717FEEA} = {B6DA84E3-5A76-4DDD-AE2C-863E6929F423}
		{38F86C1E-ABAA-42AC-ADB3-4F6579110DBF} = {0018CC72-4316-4318-9D69-C089E4EB93C5}
		{1D47CEC5-AE8D-47E4-A91F-4BA49BE2DB87} = {31C4B3E6-B1DE-456C-8B0B-D4310DEA5BF9}
	EndGlobalSection
	GlobalSection(TextTemplating) = postSolution
		TextTemplating = 1
	EndGlobalSection
EndGlobal
